
Microsoft Visual Studio Solution File, Format Version 12.00
# Visual Studio Version 17
VisualStudioVersion = 17.2.32630.192
MinimumVisualStudioVersion = 10.0.40219.1
Project("{FAE04EC0-301F-11D3-BF4B-00C04F79EFBC}") = "MappingSchemas", "MappingSchemas.csproj", "{397BAE2C-81DC-4F0E-9DF0-0D1614CA6CAC}"
EndProject
Global
	GlobalSection(SolutionConfigurationPlatforms) = preSolution
		Debug|Any CPU = Debug|Any CPU
		Release|Any CPU = Release|Any CPU
	EndGlobalSection
	GlobalSection(ProjectConfigurationPlatforms) = postSolution
		{397BAE2C-81DC-4F0E-9DF0-0D1614CA6CAC}.Debug|Any CPU.ActiveCfg = Debug|Any CPU
		{397BAE2C-81DC-4F0E-9DF0-0D1614CA6CAC}.Debug|Any CPU.Build.0 = Debug|Any CPU
		{397BAE2C-81DC-4F0E-9DF0-0D1614CA6CAC}.Release|Any CPU.ActiveCfg = Release|Any CPU
		{397BAE2C-81DC-4F0E-9DF0-0D1614CA6CAC}.Release|Any CPU.Build.0 = Release|Any CPU
	EndGlobalSection
	GlobalSection(SolutionProperties) = preSolution
		HideSolutionNode = FALSE
	EndGlobalSection
	GlobalSection(ExtensibilityGlobals) = postSolution
		SolutionGuid = {9C3C466D-AA10-47F0-BFE5-CC17EE72D559}
	EndGlobalSection
EndGlobal
